
Microsoft Visual Studio Solution File, Format Version 12.00
# Visual Studio 15
VisualStudioVersion = 15.0.27130.2010
MinimumVisualStudioVersion = 10.0.40219.1
Project("{FAE04EC0-301F-11D3-BF4B-00C04F79EFBC}") = "TP2_AnimateursWPF_AP", "TP2_AnimateursWPF_AP.csproj", "{9F562E2E-B27C-42D1-B586-7A3011A43E96}"
EndProject
Global
	GlobalSection(SolutionConfigurationPlatforms) = preSolution
		Debug|Any CPU = Debug|Any CPU
		Release|Any CPU = Release|Any CPU
	EndGlobalSection
	GlobalSection(ProjectConfigurationPlatforms) = postSolution
		{9F562E2E-B27C-42D1-B586-7A3011A43E96}.Debug|Any CPU.ActiveCfg = Debug|Any CPU
		{9F562E2E-B27C-42D1-B586-7A3011A43E96}.Debug|Any CPU.Build.0 = Debug|Any CPU
		{9F562E2E-B27C-42D1-B586-7A3011A43E96}.Release|Any CPU.ActiveCfg = Release|Any CPU
		{9F562E2E-B27C-42D1-B586-7A3011A43E96}.Release|Any CPU.Build.0 = Release|Any CPU
	EndGlobalSection
	GlobalSection(SolutionProperties) = preSolution
		HideSolutionNode = FALSE
	EndGlobalSection
	GlobalSection(ExtensibilityGlobals) = postSolution
		SolutionGuid = {63923CDF-E59A-41DF-A75D-F67FFA5C88C9}
	EndGlobalSection
EndGlobal
